// !$*UTF8*$!
{
	archiveVersion = 1;
	classes = {
	};
	objectVersion = 55;
	objects = {

/* Begin PBXBuildFile section */
		8C1CF77229E67B3700CBDEAA /* AppDelegate.swift in Sources */ = {isa = PBXBuildFile; fileRef = 8C1CF77129E67B3700CBDEAA /* AppDelegate.swift */; };
		8C1CF77429E67B3700CBDEAA /* SceneDelegate.swift in Sources */ = {isa = PBXBuildFile; fileRef = 8C1CF77329E67B3700CBDEAA /* SceneDelegate.swift */; };
		8C1CF77629E67B3700CBDEAA /* ViewController.swift in Sources */ = {isa = PBXBuildFile; fileRef = 8C1CF77529E67B3700CBDEAA /* ViewController.swift */; };
		8C1CF77929E67B3700CBDEAA /* Main.storyboard in Resources */ = {isa = PBXBuildFile; fileRef = 8C1CF77729E67B3700CBDEAA /* Main.storyboard */; };
		8C1CF77C29E67B3800CBDEAA /* exam_local_database.xcdatamodeld in Sources */ = {isa = PBXBuildFile; fileRef = 8C1CF77A29E67B3800CBDEAA /* exam_local_database.xcdatamodeld */; };
		8C1CF77E29E67B3900CBDEAA /* Assets.xcassets in Resources */ = {isa = PBXBuildFile; fileRef = 8C1CF77D29E67B3900CBDEAA /* Assets.xcassets */; };
		8C1CF78129E67B3900CBDEAA /* LaunchScreen.storyboard in Resources */ = {isa = PBXBuildFile; fileRef = 8C1CF77F29E67B3900CBDEAA /* LaunchScreen.storyboard */; };
		8C1CF78929E67CF500CBDEAA /* fmdbHelper.swift in Sources */ = {isa = PBXBuildFile; fileRef = 8C1CF78829E67CF500CBDEAA /* fmdbHelper.swift */; };
		8C1CF78B29E6821500CBDEAA /* ViewController2.swift in Sources */ = {isa = PBXBuildFile; fileRef = 8C1CF78A29E6821500CBDEAA /* ViewController2.swift */; };
		8C1CF78D29E6828400CBDEAA /* myTableViewCell.swift in Sources */ = {isa = PBXBuildFile; fileRef = 8C1CF78C29E6828400CBDEAA /* myTableViewCell.swift */; };
/* End PBXBuildFile section */

/* Begin PBXFileReference section */
		8C1CF76E29E67B3700CBDEAA /* exam local database.app */ = {isa = PBXFileReference; explicitFileType = wrapper.application; includeInIndex = 0; path = "exam local database.app"; sourceTree = BUILT_PRODUCTS_DIR; };
		8C1CF77129E67B3700CBDEAA /* AppDelegate.swift */ = {isa = PBXFileReference; lastKnownFileType = sourcecode.swift; path = AppDelegate.swift; sourceTree = "<group>"; };
		8C1CF77329E67B3700CBDEAA /* SceneDelegate.swift */ = {isa = PBXFileReference; lastKnownFileType = sourcecode.swift; path = SceneDelegate.swift; sourceTree = "<group>"; };
		8C1CF77529E67B3700CBDEAA /* ViewController.swift */ = {isa = PBXFileReference; lastKnownFileType = sourcecode.swift; path = ViewController.swift; sourceTree = "<group>"; };
		8C1CF77829E67B3700CBDEAA /* Base */ = {isa = PBXFileReference; lastKnownFileType = file.storyboard; name = Base; path = Base.lproj/Main.storyboard; sourceTree = "<group>"; };
		8C1CF77B29E67B3800CBDEAA /* exam_local_database.xcdatamodel */ = {isa = PBXFileReference; lastKnownFileType = wrapper.xcdatamodel; path = exam_local_database.xcdatamodel; sourceTree = "<group>"; };
		8C1CF77D29E67B3900CBDEAA /* Assets.xcassets */ = {isa = PBXFileReference; lastKnownFileType = folder.assetcatalog; path = Assets.xcassets; sourceTree = "<group>"; };
		8C1CF78029E67B3900CBDEAA /* Base */ = {isa = PBXFileReference; lastKnownFileType = file.storyboard; name = Base; path = Base.lproj/LaunchScreen.storyboard; sourceTree = "<group>"; };
		8C1CF78229E67B3900CBDEAA /* Info.plist */ = {isa = PBXFileReference; lastKnownFileType = text.plist.xml; path = Info.plist; sourceTree = "<group>"; };
		8C1CF78829E67CF500CBDEAA /* fmdbHelper.swift */ = {isa = PBXFileReference; lastKnownFileType = sourcecode.swift; path = fmdbHelper.swift; sourceTree = "<group>"; };
		8C1CF78A29E6821500CBDEAA /* ViewController2.swift */ = {isa = PBXFileReference; lastKnownFileType = sourcecode.swift; path = ViewController2.swift; sourceTree = "<group>"; };
		8C1CF78C29E6828400CBDEAA /* myTableViewCell.swift */ = {isa = PBXFileReference; lastKnownFileType = sourcecode.swift; path = myTableViewCell.swift; sourceTree = "<group>"; };
/* End PBXFileReference section */

/* Begin PBXFrameworksBuildPhase section */
		8C1CF76B29E67B3700CBDEAA /* Frameworks */ = {
			isa = PBXFrameworksBuildPhase;
			buildActionMask = 2147483647;
			files = (
			);
			runOnlyForDeploymentPostprocessing = 0;
		};
/* End PBXFrameworksBuildPhase section */

/* Begin PBXGroup section */
		8C1CF76529E67B3700CBDEAA = {
			isa = PBXGroup;
			children = (
				8C1CF77029E67B3700CBDEAA /* exam local database */,
				8C1CF76F29E67B3700CBDEAA /* Products */,
			);
			sourceTree = "<group>";
		};
		8C1CF76F29E67B3700CBDEAA /* Products */ = {
			isa = PBXGroup;
			children = (
				8C1CF76E29E67B3700CBDEAA /* exam local database.app */,
			);
			name = Products;
			sourceTree = "<group>";
		};
		8C1CF77029E67B3700CBDEAA /* exam local database */ = {
			isa = PBXGroup;
			children = (
				8C1CF77129E67B3700CBDEAA /* AppDelegate.swift */,
				8C1CF77329E67B3700CBDEAA /* SceneDelegate.swift */,
				8C1CF77529E67B3700CBDEAA /* ViewController.swift */,
				8C1CF78829E67CF500CBDEAA /* fmdbHelper.swift */,
				8C1CF77729E67B3700CBDEAA /* Main.storyboard */,
				8C1CF78C29E6828400CBDEAA /* myTableViewCell.swift */,
				8C1CF78A29E6821500CBDEAA /* ViewController2.swift */,
				8C1CF77D29E67B3900CBDEAA /* Assets.xcassets */,
				8C1CF77F29E67B3900CBDEAA /* LaunchScreen.storyboard */,
				8C1CF78229E67B3900CBDEAA /* Info.plist */,
				8C1CF77A29E67B3800CBDEAA /* exam_local_database.xcdatamodeld */,
			);
			path = "exam local database";
			sourceTree = "<group>";
		};
/* End PBXGroup section */

/* Begin PBXNativeTarget section */
		8C1CF76D29E67B3700CBDEAA /* exam local database */ = {
			isa = PBXNativeTarget;
			buildConfigurationList = 8C1CF78529E67B3A00CBDEAA /* Build configuration list for PBXNativeTarget "exam local database" */;
			buildPhases = (
				8C1CF76A29E67B3700CBDEAA /* Sources */,
				8C1CF76B29E67B3700CBDEAA /* Frameworks */,
				8C1CF76C29E67B3700CBDEAA /* Resources */,
			);
			buildRules = (
			);
			dependencies = (
			);
			name = "exam local database";
			productName = "exam local database";
			productReference = 8C1CF76E29E67B3700CBDEAA /* exam local database.app */;
			productType = "com.apple.product-type.application";
		};
/* End PBXNativeTarget section */

/* Begin PBXProject section */
		8C1CF76629E67B3700CBDEAA /* Project object */ = {
			isa = PBXProject;
			attributes = {
				BuildIndependentTargetsInParallel = 1;
				LastSwiftUpdateCheck = 1420;
				LastUpgradeCheck = 1420;
				TargetAttributes = {
					8C1CF76D29E67B3700CBDEAA = {
						CreatedOnToolsVersion = 14.2;
					};
				};
			};
			buildConfigurationList = 8C1CF76929E67B3700CBDEAA /* Build configuration list for PBXProject "exam local database" */;
			compatibilityVersion = "Xcode 13.0";
			developmentRegion = en;
			hasScannedForEncodings = 0;
			knownRegions = (
				en,
				Base,
			);
			mainGroup = 8C1CF76529E67B3700CBDEAA;
			productRefGroup = 8C1CF76F29E67B3700CBDEAA /* Products */;
			projectDirPath = "";
			projectRoot = "";
			targets = (
				8C1CF76D29E67B3700CBDEAA /* exam local database */,
			);
		};
/* End PBXProject section */

/* Begin PBXResourcesBuildPhase section */
		8C1CF76C29E67B3700CBDEAA /* Resources */ = {
			isa = PBXResourcesBuildPhase;
			buildActionMask = 2147483647;
			files = (
				8C1CF78129E67B3900CBDEAA /* LaunchScreen.storyboard in Resources */,
				8C1CF77E29E67B3900CBDEAA /* Assets.xcassets in Resources */,
				8C1CF77929E67B3700CBDEAA /* Main.storyboard in Resources */,
			);
			runOnlyForDeploymentPostprocessing = 0;
		};
/* End PBXResourcesBuildPhase section */

/* Begin PBXSourcesBuildPhase section */
		8C1CF76A29E67B3700CBDEAA /* Sources */ = {
			isa = PBXSourcesBuildPhase;
			buildActionMask = 2147483647;
			files = (
				8C1CF78929E67CF500CBDEAA /* fmdbHelper.swift in Sources */,
				8C1CF78D29E6828400CBDEAA /* myTableViewCell.swift in Sources */,
				8C1CF77629E67B3700CBDEAA /* ViewController.swift in Sources */,
				8C1CF77229E67B3700CBDEAA /* AppDelegate.swift in Sources */,
				8C1CF77C29E67B3800CBDEAA /* exam_local_database.xcdatamodeld in Sources */,
				8C1CF77429E67B3700CBDEAA /* SceneDelegate.swift in Sources */,
				8C1CF78B29E6821500CBDEAA /* ViewController2.swift in Sources */,
			);
			runOnlyForDeploymentPostprocessing = 0;
		};
/* End PBXSourcesBuildPhase section */

/* Begin PBXVariantGroup section */
		8C1CF77729E67B3700CBDEAA /* Main.storyboard */ = {
			isa = PBXVariantGroup;
			children = (
				8C1CF77829E67B3700CBDEAA /* Base */,
			);
			name = Main.storyboard;
			sourceTree = "<group>";
		};
		8C1CF77F29E67B3900CBDEAA /* LaunchScreen.storyboard */ = {
			isa = PBXVariantGroup;
			children = (
				8C1CF78029E67B3900CBDEAA /* Base */,
			);
			name = LaunchScreen.storyboard;
			sourceTree = "<group>";
		};
/* End PBXVariantGroup section */

/* Begin XCBuildConfiguration section */
		8C1CF78329E67B3A00CBDEAA /* Debug */ = {
			isa = XCBuildConfiguration;
			buildSettings = {
				ALWAYS_SEARCH_USER_PATHS = NO;
				CLANG_ANALYZER_NONNULL = YES;
				CLANG_ANALYZER_NUMBER_OBJECT_CONVERSION = YES_AGGRESSIVE;
				CLANG_CXX_LANGUAGE_STANDARD = "gnu++20";
				CLANG_ENABLE_MODULES = YES;
				CLANG_ENABLE_OBJC_ARC = YES;
				CLANG_ENABLE_OBJC_WEAK = YES;
				CLANG_WARN_BLOCK_CAPTURE_AUTORELEASING = YES;
				CLANG_WARN_BOOL_CONVERSION = YES;
				CLANG_WARN_COMMA = YES;
				CLANG_WARN_CONSTANT_CONVERSION = YES;
				CLANG_WARN_DEPRECATED_OBJC_IMPLEMENTATIONS = YES;
				CLANG_WARN_DIRECT_OBJC_ISA_USAGE = YES_ERROR;
				CLANG_WARN_DOCUMENTATION_COMMENTS = YES;
				CLANG_WARN_EMPTY_BODY = YES;
				CLANG_WARN_ENUM_CONVERSION = YES;
				CLANG_WARN_INFINITE_RECURSION = YES;
				CLANG_WARN_INT_CONVERSION = YES;
				CLANG_WARN_NON_LITERAL_NULL_CONVERSION = YES;
				CLANG_WARN_OBJC_IMPLICIT_RETAIN_SELF = YES;
				CLANG_WARN_OBJC_LITERAL_CONVERSION = YES;
				CLANG_WARN_OBJC_ROOT_CLASS = YES_ERROR;
				CLANG_WARN_QUOTED_INCLUDE_IN_FRAMEWORK_HEADER = YES;
				CLANG_WARN_RANGE_LOOP_ANALYSIS = YES;
				CLANG_WARN_STRICT_PROTOTYPES = YES;
				CLANG_WARN_SUSPICIOUS_MOVE = YES;
				CLANG_WARN_UNGUARDED_AVAILABILITY = YES_AGGRESSIVE;
				CLANG_WARN_UNREACHABLE_CODE = YES;
				CLANG_WARN__DUPLICATE_METHOD_MATCH = YES;
				COPY_PHASE_STRIP = NO;
				DEBUG_INFORMATION_FORMAT = dwarf;
				ENABLE_STRICT_OBJC_MSGSEND = YES;
				ENABLE_TESTABILITY = YES;
				GCC_C_LANGUAGE_STANDARD = gnu11;
				GCC_DYNAMIC_NO_PIC = NO;
				GCC_NO_COMMON_BLOCKS = YES;
				GCC_OPTIMIZATION_LEVEL = 0;
				GCC_PREPROCESSOR_DEFINITIONS = (
					"DEBUG=1",
					"$(inherited)",
				);
				GCC_WARN_64_TO_32_BIT_CONVERSION = YES;
				GCC_WARN_ABOUT_RETURN_TYPE = YES_ERROR;
				GCC_WARN_UNDECLARED_SELECTOR = YES;
				GCC_WARN_UNINITIALIZED_AUTOS = YES_AGGRESSIVE;
				GCC_WARN_UNUSED_FUNCTION = YES;
				GCC_WARN_UNUSED_VARIABLE = YES;
				IPHONEOS_DEPLOYMENT_TARGET = 16.2;
				MTL_ENABLE_DEBUG_INFO = INCLUDE_SOURCE;
				MTL_FAST_MATH = YES;
				ONLY_ACTIVE_ARCH = YES;
				SDKROOT = iphoneos;
				SWIFT_ACTIVE_COMPILATION_CONDITIONS = DEBUG;
				SWIFT_OPTIMIZATION_LEVEL = "-Onone";
			};
			name = Debug;
		};
		8C1CF78429E67B3A00CBDEAA /* Release */ = {
			isa = XCBuildConfiguration;
			buildSettings = {
				ALWAYS_SEARCH_USER_PATHS = NO;
				CLANG_ANALYZER_NONNULL = YES;
				CLANG_ANALYZER_NUMBER_OBJECT_CONVERSION = YES_AGGRESSIVE;
				CLANG_CXX_LANGUAGE_STANDARD = "gnu++20";
				CLANG_ENABLE_MODULES = YES;
				CLANG_ENABLE_OBJC_ARC = YES;
				CLANG_ENABLE_OBJC_WEAK = YES;
				CLANG_WARN_BLOCK_CAPTURE_AUTORELEASING = YES;
				CLANG_WARN_BOOL_CONVERSION = YES;
				CLANG_WARN_COMMA = YES;
				CLANG_WARN_CONSTANT_CONVERSION = YES;
				CLANG_WARN_DEPRECATED_OBJC_IMPLEMENTATIONS = YES;
				CLANG_WARN_DIRECT_OBJC_ISA_USAGE = YES_ERROR;
				CLANG_WARN_DOCUMENTATION_COMMENTS = YES;
				CLANG_WARN_EMPTY_BODY = YES;
				CLANG_WARN_ENUM_CONVERSION = YES;
				CLANG_WARN_INFINITE_RECURSION = YES;
				CLANG_WARN_INT_CONVERSION = YES;
				CLANG_WARN_NON_LITERAL_NULL_CONVERSION = YES;
				CLANG_WARN_OBJC_IMPLICIT_RETAIN_SELF = YES;
				CLANG_WARN_OBJC_LITERAL_CONVERSION = YES;
				CLANG_WARN_OBJC_ROOT_CLASS = YES_ERROR;
				CLANG_WARN_QUOTED_INCLUDE_IN_FRAMEWORK_HEADER = YES;
				CLANG_WARN_RANGE_LOOP_ANALYSIS = YES;
				CLANG_WARN_STRICT_PROTOTYPES = YES;
				CLANG_WARN_SUSPICIOUS_MOVE = YES;
				CLANG_WARN_UNGUARDED_AVAILABILITY = YES_AGGRESSIVE;
				CLANG_WARN_UNREACHABLE_CODE = YES;
				CLANG_WARN__DUPLICATE_METHOD_MATCH = YES;
				COPY_PHASE_STRIP = NO;
				DEBUG_INFORMATION_FORMAT = "dwarf-with-dsym";
				ENABLE_NS_ASSERTIONS = NO;
				ENABLE_STRICT_OBJC_MSGSEND = YES;
				GCC_C_LANGUAGE_STANDARD = gnu11;
				GCC_NO_COMMON_BLOCKS = YES;
				GCC_WARN_64_TO_32_BIT_CONVERSION = YES;
				GCC_WARN_ABOUT_RETURN_TYPE = YES_ERROR;
				GCC_WARN_UNDECLARED_SELECTOR = YES;
				GCC_WARN_UNINITIALIZED_AUTOS = YES_AGGRESSIVE;
				GCC_WARN_UNUSED_FUNCTION = YES;
				GCC_WARN_UNUSED_VARIABLE = YES;
				IPHONEOS_DEPLOYMENT_TARGET = 16.2;
				MTL_ENABLE_DEBUG_INFO = NO;
				MTL_FAST_MATH = YES;
				SDKROOT = iphoneos;
				SWIFT_COMPILATION_MODE = wholemodule;
				SWIFT_OPTIMIZATION_LEVEL = "-O";
				VALIDATE_PRODUCT = YES;
			};
			name = Release;
		};
		8C1CF78629E67B3A00CBDEAA /* Debug */ = {
			isa = XCBuildConfiguration;
			buildSettings = {
				ASSETCATALOG_COMPILER_APPICON_NAME = AppIcon;
				ASSETCATALOG_COMPILER_GLOBAL_ACCENT_COLOR_NAME = AccentColor;
				CODE_SIGN_STYLE = Automatic;
				CURRENT_PROJECT_VERSION = 1;
				DEVELOPMENT_TEAM = MTL7SH5Y39;
				GENERATE_INFOPLIST_FILE = YES;
				INFOPLIST_FILE = "exam local database/Info.plist";
				INFOPLIST_KEY_UIApplicationSupportsIndirectInputEvents = YES;
				INFOPLIST_KEY_UILaunchStoryboardName = LaunchScreen;
				INFOPLIST_KEY_UIMainStoryboardFile = Main;
				INFOPLIST_KEY_UISupportedInterfaceOrientations_iPad = "UIInterfaceOrientationPortrait UIInterfaceOrientationPortraitUpsideDown UIInterfaceOrientationLandscapeLeft UIInterfaceOrientationLandscapeRight";
				INFOPLIST_KEY_UISupportedInterfaceOrientations_iPhone = "UIInterfaceOrientationPortrait UIInterfaceOrientationLandscapeLeft UIInterfaceOrientationLandscapeRight";
				LD_RUNPATH_SEARCH_PATHS = (
					"$(inherited)",
					"@executable_path/Frameworks",
				);
				MARKETING_VERSION = 1.0;
				PRODUCT_BUNDLE_IDENTIFIER = "exam-local-database.exam-local-database";
				PRODUCT_NAME = "$(TARGET_NAME)";
				SWIFT_EMIT_LOC_STRINGS = YES;
				SWIFT_VERSION = 5.0;
				TARGETED_DEVICE_FAMILY = "1,2";
			};
			name = Debug;
		};
		8C1CF78729E67B3A00CBDEAA /* Release */ = {
			isa = XCBuildConfiguration;
			buildSettings = {
				ASSETCATALOG_COMPILER_APPICON_NAME = AppIcon;
				ASSETCATALOG_COMPILER_GLOBAL_ACCENT_COLOR_NAME = AccentColor;
				CODE_SIGN_STYLE = Automatic;
				CURRENT_PROJECT_VERSION = 1;
				DEVELOPMENT_TEAM = MTL7SH5Y39;
				GENERATE_INFOPLIST_FILE = YES;
				INFOPLIST_FILE = "exam local database/Info.plist";
				INFOPLIST_KEY_UIApplicationSupportsIndirectInputEvents = YES;
				INFOPLIST_KEY_UILaunchStoryboardName = LaunchScreen;
				INFOPLIST_KEY_UIMainStoryboardFile = Main;
				INFOPLIST_KEY_UISupportedInterfaceOrientations_iPad = "UIInterfaceOrientationPortrait UIInterfaceOrientationPortraitUpsideDown UIInterfaceOrientationLandscapeLeft UIInterfaceOrientationLandscapeRight";
				INFOPLIST_KEY_UISupportedInterfaceOrientations_iPhone = "UIInterfaceOrientationPortrait UIInterfaceOrientationLandscapeLeft UIInterfaceOrientationLandscapeRight";
				LD_RUNPATH_SEARCH_PATHS = (
					"$(inherited)",
					"@executable_path/Frameworks",
				);
				MARKETING_VERSION = 1.0;
				PRODUCT_BUNDLE_IDENTIFIER = "exam-local-database.exam-local-database";
				PRODUCT_NAME = "$(TARGET_NAME)";
				SWIFT_EMIT_LOC_STRINGS = YES;
				SWIFT_VERSION = 5.0;
				TARGETED_DEVICE_FAMILY = "1,2";
			};
			name = Release;
		};
/* End XCBuildConfiguration section */

/* Begin XCConfigurationList section */
		8C1CF76929E67B3700CBDEAA /* Build configuration list for PBXProject "exam local database" */ = {
			isa = XCConfigurationList;
			buildConfigurations = (
				8C1CF78329E67B3A00CBDEAA /* Debug */,
				8C1CF78429E67B3A00CBDEAA /* Release */,
			);
			defaultConfigurationIsVisible = 0;
			defaultConfigurationName = Release;
		};
		8C1CF78529E67B3A00CBDEAA /* Build configuration list for PBXNativeTarget "exam local database" */ = {
			isa = XCConfigurationList;
			buildConfigurations = (
				8C1CF78629E67B3A00CBDEAA /* Debug */,
				8C1CF78729E67B3A00CBDEAA /* Release */,
			);
			defaultConfigurationIsVisible = 0;
			defaultConfigurationName = Release;
		};
/* End XCConfigurationList section */

/* Begin XCVersionGroup section */
		8C1CF77A29E67B3800CBDEAA /* exam_local_database.xcdatamodeld */ = {
			isa = XCVersionGroup;
			children = (
				8C1CF77B29E67B3800CBDEAA /* exam_local_database.xcdatamodel */,
			);
			currentVersion = 8C1CF77B29E67B3800CBDEAA /* exam_local_database.xcdatamodel */;
			path = exam_local_database.xcdatamodeld;
			sourceTree = "<group>";
			versionGroupType = wrapper.xcdatamodel;
		};
/* End XCVersionGroup section */
	};
	rootObject = 8C1CF76629E67B3700CBDEAA /* Project object */;
}
